
Microsoft Visual Studio Solution File, Format Version 12.00
# Visual Studio Version 17
VisualStudioVersion = 17.4.33122.133
MinimumVisualStudioVersion = 10.0.40219.1
Project("{FAE04EC0-301F-11D3-BF4B-00C04F79EFBC}") = "Reflection_Demo", "Reflection_Demo\Reflection_Demo.csproj", "{FC796226-322E-429B-9F83-292B4E23B5E7}"
EndProject
Global
	GlobalSection(SolutionConfigurationPlatforms) = preSolution
		Debug|Any CPU = Debug|Any CPU
		Release|Any CPU = Release|Any CPU
	EndGlobalSection
	GlobalSection(ProjectConfigurationPlatforms) = postSolution
		{FC796226-322E-429B-9F83-292B4E23B5E7}.Debug|Any CPU.ActiveCfg = Debug|Any CPU
		{FC796226-322E-429B-9F83-292B4E23B5E7}.Debug|Any CPU.Build.0 = Debug|Any CPU
		{FC796226-322E-429B-9F83-292B4E23B5E7}.Release|Any CPU.ActiveCfg = Release|Any CPU
		{FC796226-322E-429B-9F83-292B4E23B5E7}.Release|Any CPU.Build.0 = Release|Any CPU
	EndGlobalSection
	GlobalSection(SolutionProperties) = preSolution
		HideSolutionNode = FALSE
	EndGlobalSection
	GlobalSection(ExtensibilityGlobals) = postSolution
		SolutionGuid = {29F505E7-D30A-4C3A-A0AC-04F5FA1C56BF}
	EndGlobalSection
EndGlobal
